
Microsoft Visual Studio Solution File, Format Version 12.00
# Visual Studio Version 16
VisualStudioVersion = 16.0.29409.12
MinimumVisualStudioVersion = 10.0.40219.1
Project("{FAE04EC0-301F-11D3-BF4B-00C04F79EFBC}") = "Lette.Functional.CSharp", "Lette.Functional.CSharp\Lette.Functional.CSharp.csproj", "{F4B42891-2C85-4335-8AC2-764EBE5011B7}"
EndProject
Project("{FAE04EC0-301F-11D3-BF4B-00C04F79EFBC}") = "Lette.Functional.CSharp.Tests", "Lette.Functional.CSharp.Tests\Lette.Functional.CSharp.Tests.csproj", "{3F7A2FF1-FA08-4B6D-A9B6-934A9402557A}"
EndProject
Project("{F2A71F9B-5D33-465A-A702-920D77279786}") = "Lette.Functional.FSharp", "Lette.Functional.FSharp\Lette.Functional.FSharp.fsproj", "{E21B6F29-F1F3-4F15-ACE8-9AA083D51A42}"
EndProject
Global
	GlobalSection(SolutionConfigurationPlatforms) = preSolution
		Debug|Any CPU = Debug|Any CPU
		Release|Any CPU = Release|Any CPU
	EndGlobalSection
	GlobalSection(ProjectConfigurationPlatforms) = postSolution
		{F4B42891-2C85-4335-8AC2-764EBE5011B7}.Debug|Any CPU.ActiveCfg = Debug|Any CPU
		{F4B42891-2C85-4335-8AC2-764EBE5011B7}.Debug|Any CPU.Build.0 = Debug|Any CPU
		{F4B42891-2C85-4335-8AC2-764EBE5011B7}.Release|Any CPU.ActiveCfg = Release|Any CPU
		{F4B42891-2C85-4335-8AC2-764EBE5011B7}.Release|Any CPU.Build.0 = Release|Any CPU
		{3F7A2FF1-FA08-4B6D-A9B6-934A9402557A}.Debug|Any CPU.ActiveCfg = Debug|Any CPU
		{3F7A2FF1-FA08-4B6D-A9B6-934A9402557A}.Debug|Any CPU.Build.0 = Debug|Any CPU
		{3F7A2FF1-FA08-4B6D-A9B6-934A9402557A}.Release|Any CPU.ActiveCfg = Release|Any CPU
		{3F7A2FF1-FA08-4B6D-A9B6-934A9402557A}.Release|Any CPU.Build.0 = Release|Any CPU
		{E21B6F29-F1F3-4F15-ACE8-9AA083D51A42}.Debug|Any CPU.ActiveCfg = Debug|Any CPU
		{E21B6F29-F1F3-4F15-ACE8-9AA083D51A42}.Debug|Any CPU.Build.0 = Debug|Any CPU
		{E21B6F29-F1F3-4F15-ACE8-9AA083D51A42}.Release|Any CPU.ActiveCfg = Release|Any CPU
		{E21B6F29-F1F3-4F15-ACE8-9AA083D51A42}.Release|Any CPU.Build.0 = Release|Any CPU
	EndGlobalSection
	GlobalSection(SolutionProperties) = preSolution
		HideSolutionNode = FALSE
	EndGlobalSection
	GlobalSection(ExtensibilityGlobals) = postSolution
		SolutionGuid = {A3E688A5-FBEF-4CAE-BD94-445489A0422D}
	EndGlobalSection
EndGlobal
